filippo.io/edwards25519 v1.0.0-rc.1 h1:m0VOOB23frXZvAOK44usCgLWvtsxIoMCTBGJZlpmGfU=
filippo.io/edwards25519 v1.0.0-rc.1/go.mod h1:N1IkdkCkiLB6tki+MYJoSx2JTY9NUlxZE7eHn5EwJns=
filippo.io/nistec v0.0.0-20220513155737-c4b6d02e738c h1:x4epP2lA8b5UYoIFjcVpN+MfJQeX5M5Yilmc1VH0YDw=
filippo.io/nistec v0.0.0-20220513155737-c4b6d02e738c/go.mod h1:84fxC9mi+MhC2AERXI4LSa8cmSVOzrFikg6hZ4IfCyw=
github.com/bytemare/hash v0.1.2 h1:dK5AXWiE+XKjNmGIlWAWc1rGxKC84OMXaFMln6YAvf0=
github.com/bytemare/hash v0.1.2/go.mod h1:ZHewRkjnw7cV6/e4rLdmtHnPmcs6TLZCTEBXhAAPCbk=
github.com/gtank/ristretto255 v0.1.2 h1:JEqUCPA1NvLq5DwYtuzigd7ss8fwbYay9fi4/5uMzcc=
github.com/gtank/ristretto255 v0.1.2/go.mod h1:Ph5OpO6c7xKUGROZfWVLiJf9icMDwUeIvY4OmlYW69o=
golang.org/x/crypto v0.0.0-20220722155217-630584e8d5aa h1:zuSxTR4o9y82ebqCUJYNGJbGPo6sKVl54f/TVDObg1c=
golang.org/x/crypto v0.0.0-20220722155217-630584e8d5aa/go.mod h1:IxCIyHEi3zRg3s0A5j5BB6A9Jmi73HwBIUl50j+osU4=
golang.org/x/sys v0.0.0-20220728004956-3c1f35247d10 h1:WIoqL4EROvwiPdUtaip4VcDdpZ4kha7wBWZrbVKCIZg=
golang.org/x/sys v0.0.0-20220728004956-3c1f35247d10/go.mod h1:oPkhp1MJrh7nUepCBck5+mAzfO9JrbApNNgaTdGDITg=
